
Microsoft Visual Studio Solution File, Format Version 12.00
# Visual Studio Version 16
VisualStudioVersion = 16.0.29306.81
MinimumVisualStudioVersion = 10.0.40219.1
Project("{FAE04EC0-301F-11D3-BF4B-00C04F79EFBC}") = "RemoveOfficeWebAddin", "RemoveOfficeWebAddin\RemoveOfficeWebAddin.csproj", "{025FE107-9E16-4E33-9B64-C4CE8D5612C4}"
EndProject
Global
	GlobalSection(SolutionConfigurationPlatforms) = preSolution
		Debug|Any CPU = Debug|Any CPU
		Release|Any CPU = Release|Any CPU
	EndGlobalSection
	GlobalSection(ProjectConfigurationPlatforms) = postSolution
		{025FE107-9E16-4E33-9B64-C4CE8D5612C4}.Debug|Any CPU.ActiveCfg = Debug|Any CPU
		{025FE107-9E16-4E33-9B64-C4CE8D5612C4}.Debug|Any CPU.Build.0 = Debug|Any CPU
		{025FE107-9E16-4E33-9B64-C4CE8D5612C4}.Release|Any CPU.ActiveCfg = Release|Any CPU
		{025FE107-9E16-4E33-9B64-C4CE8D5612C4}.Release|Any CPU.Build.0 = Release|Any CPU
	EndGlobalSection
	GlobalSection(SolutionProperties) = preSolution
		HideSolutionNode = FALSE
	EndGlobalSection
	GlobalSection(ExtensibilityGlobals) = postSolution
		SolutionGuid = {301D20C3-B0C3-48FF-83F5-2AFFDAD4600B}
	EndGlobalSection
EndGlobal
